// !$*UTF8*$!
{
	archiveVersion = 1;
	classes = {
	};
	objectVersion = 46;
	objects = {

/* Begin PBXBuildFile section */
		2132191216E5B14100DD6753 /* Foundation.framework in Frameworks */ = {isa = PBXBuildFile; fileRef = 2132191116E5B14100DD6753 /* Foundation.framework */; };
		2132192116E5B14100DD6753 /* ALPreferenceController.m in Sources */ = {isa = PBXBuildFile; fileRef = 2132192016E5B14100DD6753 /* ALPreferenceController.m */; };
		2132193816E5B1D000DD6753 /* Preferences.framework in Frameworks */ = {isa = PBXBuildFile; fileRef = 2132193616E5B1C100DD6753 /* Preferences.framework */; };
		2153EC9B16E83DED004B62CD /* libactivityloader.dylib in Frameworks */ = {isa = PBXBuildFile; fileRef = 21A473C916E75761009C4578 /* libactivityloader.dylib */; };
		2153ECA216E84796004B62CD /* Foundation.framework in Frameworks */ = {isa = PBXBuildFile; fileRef = 2132191116E5B14100DD6753 /* Foundation.framework */; };
		2153ECBB16E8497D004B62CD /* UIKit.framework in Frameworks */ = {isa = PBXBuildFile; fileRef = 2132191316E5B14100DD6753 /* UIKit.framework */; };
		2153ECBC16E84999004B62CD /* ActivityLoaderHook.m in Sources */ = {isa = PBXBuildFile; fileRef = 21A473BC16E74060009C4578 /* ActivityLoaderHook.m */; };
		2153ECBD16E849C7004B62CD /* libactivityloader.dylib in Frameworks */ = {isa = PBXBuildFile; fileRef = 21A473C916E75761009C4578 /* libactivityloader.dylib */; };
		2153ECBE16E849F5004B62CD /* libsubstrate.dylib in Frameworks */ = {isa = PBXBuildFile; fileRef = 21A473C116E74D7C009C4578 /* libsubstrate.dylib */; };
		215A2C1216E9BF9D00666D48 /* Foundation.framework in Frameworks */ = {isa = PBXBuildFile; fileRef = 2132191116E5B14100DD6753 /* Foundation.framework */; };
		215A2C5116E9C0EF00666D48 /* UIImage+ImageNamedExtension.h in Headers */ = {isa = PBXBuildFile; fileRef = 215A2C2616E9C0EF00666D48 /* UIImage+ImageNamedExtension.h */; };
		215A2C5216E9C0EF00666D48 /* UIImage+ImageNamedExtension.m in Sources */ = {isa = PBXBuildFile; fileRef = 215A2C2716E9C0EF00666D48 /* UIImage+ImageNamedExtension.m */; };
		215A2C5316E9C0EF00666D48 /* ZYInstapaperAddRequest.h in Headers */ = {isa = PBXBuildFile; fileRef = 215A2C2E16E9C0EF00666D48 /* ZYInstapaperAddRequest.h */; };
		215A2C5416E9C0EF00666D48 /* ZYInstapaperAddRequest.m in Sources */ = {isa = PBXBuildFile; fileRef = 215A2C2F16E9C0EF00666D48 /* ZYInstapaperAddRequest.m */; };
		215A2C5516E9C0EF00666D48 /* ZYInstapaperAddRequestDelegate.h in Headers */ = {isa = PBXBuildFile; fileRef = 215A2C3016E9C0EF00666D48 /* ZYInstapaperAddRequestDelegate.h */; };
		215A2C5616E9C0EF00666D48 /* ZYInstapaperActivitySecurity.h in Headers */ = {isa = PBXBuildFile; fileRef = 215A2C3216E9C0EF00666D48 /* ZYInstapaperActivitySecurity.h */; };
		215A2C5716E9C0EF00666D48 /* ZYInstapaperActivitySecurity.m in Sources */ = {isa = PBXBuildFile; fileRef = 215A2C3316E9C0EF00666D48 /* ZYInstapaperActivitySecurity.m */; };
		215A2C5816E9C0EF00666D48 /* KeychainItemWrapper.h in Headers */ = {isa = PBXBuildFile; fileRef = 215A2C3716E9C0EF00666D48 /* KeychainItemWrapper.h */; };
		215A2C5916E9C0EF00666D48 /* KeychainItemWrapper.m in Sources */ = {isa = PBXBuildFile; fileRef = 215A2C3816E9C0EF00666D48 /* KeychainItemWrapper.m */; };
		215A2C5A16E9C0EF00666D48 /* ZYActivity.h in Headers */ = {isa = PBXBuildFile; fileRef = 215A2C3B16E9C0EF00666D48 /* ZYActivity.h */; };
		215A2C5B16E9C0EF00666D48 /* ZYActivity.m in Sources */ = {isa = PBXBuildFile; fileRef = 215A2C3C16E9C0EF00666D48 /* ZYActivity.m */; };
		215A2C5C16E9C0EF00666D48 /* ZYTopAlignedLabel.h in Headers */ = {isa = PBXBuildFile; fileRef = 215A2C3E16E9C0EF00666D48 /* ZYTopAlignedLabel.h */; };
		215A2C5D16E9C0EF00666D48 /* ZYTopAlignedLabel.m in Sources */ = {isa = PBXBuildFile; fileRef = 215A2C3F16E9C0EF00666D48 /* ZYTopAlignedLabel.m */; };
		215A2C5E16E9C0EF00666D48 /* ZYActivityViewController.h in Headers */ = {isa = PBXBuildFile; fileRef = 215A2C4116E9C0EF00666D48 /* ZYActivityViewController.h */; };
		215A2C5F16E9C0EF00666D48 /* ZYActivityViewController.m in Sources */ = {isa = PBXBuildFile; fileRef = 215A2C4216E9C0EF00666D48 /* ZYActivityViewController.m */; };
		215A2C6016E9C0EF00666D48 /* ZYAddItemsViewController.h in Headers */ = {isa = PBXBuildFile; fileRef = 215A2C4316E9C0EF00666D48 /* ZYAddItemsViewController.h */; };
		215A2C6116E9C0EF00666D48 /* ZYAddItemsViewController.m in Sources */ = {isa = PBXBuildFile; fileRef = 215A2C4416E9C0EF00666D48 /* ZYAddItemsViewController.m */; };
		215A2C6216E9C0EF00666D48 /* ZYAddItemViewController.h in Headers */ = {isa = PBXBuildFile; fileRef = 215A2C4716E9C0EF00666D48 /* ZYAddItemViewController.h */; };
		215A2C6316E9C0EF00666D48 /* ZYAddItemViewController.m in Sources */ = {isa = PBXBuildFile; fileRef = 215A2C4816E9C0EF00666D48 /* ZYAddItemViewController.m */; };
		215A2C6416E9C0EF00666D48 /* ZYCredentialsViewController.h in Headers */ = {isa = PBXBuildFile; fileRef = 215A2C4A16E9C0EF00666D48 /* ZYCredentialsViewController.h */; };
		215A2C6516E9C0EF00666D48 /* ZYCredentialsViewController.m in Sources */ = {isa = PBXBuildFile; fileRef = 215A2C4B16E9C0EF00666D48 /* ZYCredentialsViewController.m */; };
		215A2C6616E9C0EF00666D48 /* ZYInstapaperActivity.h in Headers */ = {isa = PBXBuildFile; fileRef = 215A2C4D16E9C0EF00666D48 /* ZYInstapaperActivity.h */; };
		215A2C6716E9C0EF00666D48 /* ZYInstapaperActivity.m in Sources */ = {isa = PBXBuildFile; fileRef = 215A2C4E16E9C0EF00666D48 /* ZYInstapaperActivity.m */; };
		215A2C6816E9C0EF00666D48 /* ZYInstapaperActivityItem.h in Headers */ = {isa = PBXBuildFile; fileRef = 215A2C4F16E9C0EF00666D48 /* ZYInstapaperActivityItem.h */; };
		215A2C6916E9C0EF00666D48 /* ZYInstapaperActivityItem.m in Sources */ = {isa = PBXBuildFile; fileRef = 215A2C5016E9C0EF00666D48 /* ZYInstapaperActivityItem.m */; };
		215A2C6C16E9C1F900666D48 /* libactivityloader.dylib in Frameworks */ = {isa = PBXBuildFile; fileRef = 21A473C916E75761009C4578 /* libactivityloader.dylib */; };
		215A2C6D16E9C22A00666D48 /* Security.framework in Frameworks */ = {isa = PBXBuildFile; fileRef = 215A2C6A16E9C1DF00666D48 /* Security.framework */; };
		215A2C7016E9C34C00666D48 /* UIKit.framework in Frameworks */ = {isa = PBXBuildFile; fileRef = 2132191316E5B14100DD6753 /* UIKit.framework */; };
		218D584D16E950D9005865F6 /* UIKit.framework in Frameworks */ = {isa = PBXBuildFile; fileRef = 2132191316E5B14100DD6753 /* UIKit.framework */; };
		218D584E16E950FE005865F6 /* UIKit.framework in Frameworks */ = {isa = PBXBuildFile; fileRef = 2132191316E5B14100DD6753 /* UIKit.framework */; };
		21A473CA16E75761009C4578 /* Foundation.framework in Frameworks */ = {isa = PBXBuildFile; fileRef = 2132191116E5B14100DD6753 /* Foundation.framework */; };
		21ACAE3C16E838FE0043C24C /* ALActivityLoader.h in Headers */ = {isa = PBXBuildFile; fileRef = 21ACAE3A16E838FE0043C24C /* ALActivityLoader.h */; };
		21ACAE3D16E838FE0043C24C /* ALActivityLoader.m in Sources */ = {isa = PBXBuildFile; fileRef = 21ACAE3B16E838FE0043C24C /* ALActivityLoader.m */; };
/* End PBXBuildFile section */

/* Begin PBXContainerItemProxy section */
		215A2AED16E9943000666D48 /* PBXContainerItemProxy */ = {
			isa = PBXContainerItemProxy;
			containerPortal = 2132190516E5B14100DD6753 /* Project object */;
			proxyType = 1;
			remoteGlobalIDString = 2153ECA016E84796004B62CD;
			remoteInfo = ActivityLoaderHook;
		};
		215A2C6E16E9C24A00666D48 /* PBXContainerItemProxy */ = {
			isa = PBXContainerItemProxy;
			containerPortal = 2132190516E5B14100DD6753 /* Project object */;
			proxyType = 1;
			remoteGlobalIDString = 215A2C1016E9BF9D00666D48;
			remoteInfo = ZYInstapaperActivity;
		};
		21A473DF16E7D489009C4578 /* PBXContainerItemProxy */ = {
			isa = PBXContainerItemProxy;
			containerPortal = 2132190516E5B14100DD6753 /* Project object */;
			proxyType = 1;
			remoteGlobalIDString = 21A473C816E75761009C4578;
			remoteInfo = ActivityLoaderHook;
		};
/* End PBXContainerItemProxy section */

/* Begin PBXFileReference section */
		2132190E16E5B14100DD6753 /* ActivityLoader.bundle */ = {isa = PBXFileReference; explicitFileType = wrapper.cfbundle; includeInIndex = 0; path = ActivityLoader.bundle; sourceTree = BUILT_PRODUCTS_DIR; };
		2132191116E5B14100DD6753 /* Foundation.framework */ = {isa = PBXFileReference; lastKnownFileType = wrapper.framework; name = Foundation.framework; path = System/Library/Frameworks/Foundation.framework; sourceTree = SDKROOT; };
		2132191316E5B14100DD6753 /* UIKit.framework */ = {isa = PBXFileReference; lastKnownFileType = wrapper.framework; name = UIKit.framework; path = System/Library/Frameworks/UIKit.framework; sourceTree = SDKROOT; };
		2132191D16E5B14100DD6753 /* PackageVersion.plist */ = {isa = PBXFileReference; lastKnownFileType = text.plist.xml; path = PackageVersion.plist; sourceTree = "<group>"; };
		2132191E16E5B14100DD6753 /* ActivityLoader-Info.plist */ = {isa = PBXFileReference; lastKnownFileType = text.plist.xml; path = "ActivityLoader-Info.plist"; sourceTree = "<group>"; };
		2132191F16E5B14100DD6753 /* ALPreferenceController.h */ = {isa = PBXFileReference; lastKnownFileType = sourcecode.c.h; path = ALPreferenceController.h; sourceTree = "<group>"; };
		2132192016E5B14100DD6753 /* ALPreferenceController.m */ = {isa = PBXFileReference; lastKnownFileType = sourcecode.c.objc; path = ALPreferenceController.m; sourceTree = "<group>"; };
		2132193016E5B14100DD6753 /* ActivityLoader-Prefix.pch */ = {isa = PBXFileReference; lastKnownFileType = sourcecode.c.h; path = "ActivityLoader-Prefix.pch"; sourceTree = "<group>"; };
		2132193616E5B1C100DD6753 /* Preferences.framework */ = {isa = PBXFileReference; lastKnownFileType = wrapper.framework; name = Preferences.framework; path = System/Library/PrivateFrameworks/Preferences.framework; sourceTree = SDKROOT; };
		2153ECA116E84796004B62CD /* ActivityLoaderHook.dylib */ = {isa = PBXFileReference; explicitFileType = "compiled.mach-o.dylib"; includeInIndex = 0; path = ActivityLoaderHook.dylib; sourceTree = BUILT_PRODUCTS_DIR; };
		215A2AF116E99CCB00666D48 /* control */ = {isa = PBXFileReference; lastKnownFileType = text; path = control; sourceTree = "<group>"; };
		215A2AF716E99CCB00666D48 /* ActivityLoader.plist */ = {isa = PBXFileReference; lastKnownFileType = text.plist; path = ActivityLoader.plist; sourceTree = "<group>"; };
		215A2AFD16E99CCB00666D48 /* ActivityLoader.plist */ = {isa = PBXFileReference; lastKnownFileType = text.plist.xml; path = ActivityLoader.plist; sourceTree = "<group>"; };
		215A2B0016E99CCB00666D48 /* ActivityLoader.h */ = {isa = PBXFileReference; lastKnownFileType = sourcecode.c.h; path = ActivityLoader.h; sourceTree = "<group>"; };
		215A2B0216E99CCB00666D48 /* libactivityloader.dylib */ = {isa = PBXFileReference; lastKnownFileType = "compiled.mach-o.dylib"; path = libactivityloader.dylib; sourceTree = "<group>"; };
		215A2B0716E99CCB00666D48 /* name.ridgewell.ActivityLoader.plist */ = {isa = PBXFileReference; lastKnownFileType = text.plist.xml; path = name.ridgewell.ActivityLoader.plist; sourceTree = "<group>"; };
		215A2B0A16E9A06100666D48 /* ActivityLoaderIcon.png */ = {isa = PBXFileReference; lastKnownFileType = image.png; name = ActivityLoaderIcon.png; path = ActivityLoader.bundle/ActivityLoaderIcon.png; sourceTree = "<group>"; };
		215A2B0B16E9A06100666D48 /* ActivityLoaderIcon@2x.png */ = {isa = PBXFileReference; lastKnownFileType = image.png; name = "ActivityLoaderIcon@2x.png"; path = "ActivityLoader.bundle/ActivityLoaderIcon@2x.png"; sourceTree = "<group>"; };
		215A2C1116E9BF9D00666D48 /* ZYInstapaperActivity.dylib */ = {isa = PBXFileReference; explicitFileType = "compiled.mach-o.dylib"; includeInIndex = 0; path = ZYInstapaperActivity.dylib; sourceTree = BUILT_PRODUCTS_DIR; };
		215A2C2616E9C0EF00666D48 /* UIImage+ImageNamedExtension.h */ = {isa = PBXFileReference; fileEncoding = 4; lastKnownFileType = sourcecode.c.h; path = "UIImage+ImageNamedExtension.h"; sourceTree = "<group>"; };
		215A2C2716E9C0EF00666D48 /* UIImage+ImageNamedExtension.m */ = {isa = PBXFileReference; fileEncoding = 4; lastKnownFileType = sourcecode.c.objc; path = "UIImage+ImageNamedExtension.m"; sourceTree = "<group>"; };
		215A2C2916E9C0EF00666D48 /* instapaper-ipad.png */ = {isa = PBXFileReference; lastKnownFileType = image.png; path = "instapaper-ipad.png"; sourceTree = "<group>"; };
		215A2C2A16E9C0EF00666D48 /* instapaper-ipad@2x.png */ = {isa = PBXFileReference; lastKnownFileType = image.png; path = "instapaper-ipad@2x.png"; sourceTree = "<group>"; };
		215A2C2B16E9C0EF00666D48 /* instapaper.png */ = {isa = PBXFileReference; lastKnownFileType = image.png; path = instapaper.png; sourceTree = "<group>"; };
		215A2C2C16E9C0EF00666D48 /* instapaper@2x.png */ = {isa = PBXFileReference; lastKnownFileType = image.png; path = "instapaper@2x.png"; sourceTree = "<group>"; };
		215A2C2E16E9C0EF00666D48 /* ZYInstapaperAddRequest.h */ = {isa = PBXFileReference; fileEncoding = 4; lastKnownFileType = sourcecode.c.h; path = ZYInstapaperAddRequest.h; sourceTree = "<group>"; };
		215A2C2F16E9C0EF00666D48 /* ZYInstapaperAddRequest.m */ = {isa = PBXFileReference; fileEncoding = 4; lastKnownFileType = sourcecode.c.objc; path = ZYInstapaperAddRequest.m; sourceTree = "<group>"; };
		215A2C3016E9C0EF00666D48 /* ZYInstapaperAddRequestDelegate.h */ = {isa = PBXFileReference; fileEncoding = 4; lastKnownFileType = sourcecode.c.h; path = ZYInstapaperAddRequestDelegate.h; sourceTree = "<group>"; };
		215A2C3216E9C0EF00666D48 /* ZYInstapaperActivitySecurity.h */ = {isa = PBXFileReference; fileEncoding = 4; lastKnownFileType = sourcecode.c.h; path = ZYInstapaperActivitySecurity.h; sourceTree = "<group>"; };
		215A2C3316E9C0EF00666D48 /* ZYInstapaperActivitySecurity.m */ = {isa = PBXFileReference; fileEncoding = 4; lastKnownFileType = sourcecode.c.objc; path = ZYInstapaperActivitySecurity.m; sourceTree = "<group>"; };
		215A2C3716E9C0EF00666D48 /* KeychainItemWrapper.h */ = {isa = PBXFileReference; fileEncoding = 4; lastKnownFileType = sourcecode.c.h; path = KeychainItemWrapper.h; sourceTree = "<group>"; };
		215A2C3816E9C0EF00666D48 /* KeychainItemWrapper.m */ = {isa = PBXFileReference; fileEncoding = 4; lastKnownFileType = sourcecode.c.objc; path = KeychainItemWrapper.m; sourceTree = "<group>"; };
		215A2C3B16E9C0EF00666D48 /* ZYActivity.h */ = {isa = PBXFileReference; fileEncoding = 4; lastKnownFileType = sourcecode.c.h; path = ZYActivity.h; sourceTree = "<group>"; };
		215A2C3C16E9C0EF00666D48 /* ZYActivity.m */ = {isa = PBXFileReference; fileEncoding = 4; lastKnownFileType = sourcecode.c.objc; path = ZYActivity.m; sourceTree = "<group>"; };
		215A2C3E16E9C0EF00666D48 /* ZYTopAlignedLabel.h */ = {isa = PBXFileReference; fileEncoding = 4; lastKnownFileType = sourcecode.c.h; path = ZYTopAlignedLabel.h; sourceTree = "<group>"; };
		215A2C3F16E9C0EF00666D48 /* ZYTopAlignedLabel.m */ = {isa = PBXFileReference; fileEncoding = 4; lastKnownFileType = sourcecode.c.objc; path = ZYTopAlignedLabel.m; sourceTree = "<group>"; };
		215A2C4116E9C0EF00666D48 /* ZYActivityViewController.h */ = {isa = PBXFileReference; fileEncoding = 4; lastKnownFileType = sourcecode.c.h; path = ZYActivityViewController.h; sourceTree = "<group>"; };
		215A2C4216E9C0EF00666D48 /* ZYActivityViewController.m */ = {isa = PBXFileReference; fileEncoding = 4; lastKnownFileType = sourcecode.c.objc; path = ZYActivityViewController.m; sourceTree = "<group>"; };
		215A2C4316E9C0EF00666D48 /* ZYAddItemsViewController.h */ = {isa = PBXFileReference; fileEncoding = 4; lastKnownFileType = sourcecode.c.h; path = ZYAddItemsViewController.h; sourceTree = "<group>"; };
		215A2C4416E9C0EF00666D48 /* ZYAddItemsViewController.m */ = {isa = PBXFileReference; fileEncoding = 4; lastKnownFileType = sourcecode.c.objc; path = ZYAddItemsViewController.m; sourceTree = "<group>"; };
		215A2C4516E9C0EF00666D48 /* ZYAddItemsViewController.xib */ = {isa = PBXFileReference; fileEncoding = 4; lastKnownFileType = file.xib; path = ZYAddItemsViewController.xib; sourceTree = "<group>"; };
		215A2C4616E9C0EF00666D48 /* ZYAddItemViewController-iPad.xib */ = {isa = PBXFileReference; fileEncoding = 4; lastKnownFileType = file.xib; path = "ZYAddItemViewController-iPad.xib"; sourceTree = "<group>"; };
		215A2C4716E9C0EF00666D48 /* ZYAddItemViewController.h */ = {isa = PBXFileReference; fileEncoding = 4; lastKnownFileType = sourcecode.c.h; path = ZYAddItemViewController.h; sourceTree = "<group>"; };
		215A2C4816E9C0EF00666D48 /* ZYAddItemViewController.m */ = {isa = PBXFileReference; fileEncoding = 4; lastKnownFileType = sourcecode.c.objc; path = ZYAddItemViewController.m; sourceTree = "<group>"; };
		215A2C4916E9C0EF00666D48 /* ZYAddItemViewController.xib */ = {isa = PBXFileReference; fileEncoding = 4; lastKnownFileType = file.xib; path = ZYAddItemViewController.xib; sourceTree = "<group>"; };
		215A2C4A16E9C0EF00666D48 /* ZYCredentialsViewController.h */ = {isa = PBXFileReference; fileEncoding = 4; lastKnownFileType = sourcecode.c.h; path = ZYCredentialsViewController.h; sourceTree = "<group>"; };
		215A2C4B16E9C0EF00666D48 /* ZYCredentialsViewController.m */ = {isa = PBXFileReference; fileEncoding = 4; lastKnownFileType = sourcecode.c.objc; path = ZYCredentialsViewController.m; sourceTree = "<group>"; };
		215A2C4C16E9C0EF00666D48 /* ZYCredentialsViewController.xib */ = {isa = PBXFileReference; fileEncoding = 4; lastKnownFileType = file.xib; path = ZYCredentialsViewController.xib; sourceTree = "<group>"; };
		215A2C4D16E9C0EF00666D48 /* ZYInstapaperActivity.h */ = {isa = PBXFileReference; fileEncoding = 4; lastKnownFileType = sourcecode.c.h; path = ZYInstapaperActivity.h; sourceTree = "<group>"; };
		215A2C4E16E9C0EF00666D48 /* ZYInstapaperActivity.m */ = {isa = PBXFileReference; fileEncoding = 4; lastKnownFileType = sourcecode.c.objc; path = ZYInstapaperActivity.m; sourceTree = "<group>"; };
		215A2C4F16E9C0EF00666D48 /* ZYInstapaperActivityItem.h */ = {isa = PBXFileReference; fileEncoding = 4; lastKnownFileType = sourcecode.c.h; path = ZYInstapaperActivityItem.h; sourceTree = "<group>"; };
		215A2C5016E9C0EF00666D48 /* ZYInstapaperActivityItem.m */ = {isa = PBXFileReference; fileEncoding = 4; lastKnownFileType = sourcecode.c.objc; path = ZYInstapaperActivityItem.m; sourceTree = "<group>"; };
		215A2C6A16E9C1DF00666D48 /* Security.framework */ = {isa = PBXFileReference; lastKnownFileType = wrapper.framework; name = Security.framework; path = System/Library/Frameworks/Security.framework; sourceTree = SDKROOT; };
		215A2C7116E9C93800666D48 /* ZYInstapaperActivity.bundle */ = {isa = PBXFileReference; lastKnownFileType = "wrapper.plug-in"; path = ZYInstapaperActivity.bundle; sourceTree = "<group>"; };
		215A2C7316E9CA3500666D48 /* ZYInstapaperActivity.plist */ = {isa = PBXFileReference; lastKnownFileType = text.plist; path = ZYInstapaperActivity.plist; sourceTree = "<group>"; };
		21A473BC16E74060009C4578 /* ActivityLoaderHook.m */ = {isa = PBXFileReference; fileEncoding = 4; lastKnownFileType = sourcecode.c.objc; path = ActivityLoaderHook.m; sourceTree = "<group>"; };
		21A473C116E74D7C009C4578 /* libsubstrate.dylib */ = {isa = PBXFileReference; lastKnownFileType = "compiled.mach-o.dylib"; name = libsubstrate.dylib; path = /opt/iOSOpenDev/lib/libsubstrate.dylib; sourceTree = "<absolute>"; };
		21A473C916E75761009C4578 /* libactivityloader.dylib */ = {isa = PBXFileReference; explicitFileType = "compiled.mach-o.dylib"; includeInIndex = 0; path = libactivityloader.dylib; sourceTree = BUILT_PRODUCTS_DIR; };
		21ACAE3A16E838FE0043C24C /* ALActivityLoader.h */ = {isa = PBXFileReference; fileEncoding = 4; lastKnownFileType = sourcecode.c.h; path = ALActivityLoader.h; sourceTree = "<group>"; };
		21ACAE3B16E838FE0043C24C /* ALActivityLoader.m */ = {isa = PBXFileReference; fileEncoding = 4; lastKnownFileType = sourcecode.c.objc; path = ALActivityLoader.m; sourceTree = "<group>"; };
/* End PBXFileReference section */

/* Begin PBXFrameworksBuildPhase section */
		2132190A16E5B14100DD6753 /* Frameworks */ = {
			isa = PBXFrameworksBuildPhase;
			buildActionMask = 2147483647;
			files = (
				218D584E16E950FE005865F6 /* UIKit.framework in Frameworks */,
				2153EC9B16E83DED004B62CD /* libactivityloader.dylib in Frameworks */,
				2132191216E5B14100DD6753 /* Foundation.framework in Frameworks */,
				2132193816E5B1D000DD6753 /* Preferences.framework in Frameworks */,
			);
			runOnlyForDeploymentPostprocessing = 0;
		};
		2153EC9D16E84796004B62CD /* Frameworks */ = {
			isa = PBXFrameworksBuildPhase;
			buildActionMask = 2147483647;
			files = (
				2153ECBE16E849F5004B62CD /* libsubstrate.dylib in Frameworks */,
				2153ECBD16E849C7004B62CD /* libactivityloader.dylib in Frameworks */,
				2153ECBB16E8497D004B62CD /* UIKit.framework in Frameworks */,
				2153ECA216E84796004B62CD /* Foundation.framework in Frameworks */,
			);
			runOnlyForDeploymentPostprocessing = 0;
		};
		215A2C0D16E9BF9D00666D48 /* Frameworks */ = {
			isa = PBXFrameworksBuildPhase;
			buildActionMask = 2147483647;
			files = (
				215A2C7016E9C34C00666D48 /* UIKit.framework in Frameworks */,
				215A2C6C16E9C1F900666D48 /* libactivityloader.dylib in Frameworks */,
				215A2C6D16E9C22A00666D48 /* Security.framework in Frameworks */,
				215A2C1216E9BF9D00666D48 /* Foundation.framework in Frameworks */,
			);
			runOnlyForDeploymentPostprocessing = 0;
		};
		21A473C516E75761009C4578 /* Frameworks */ = {
			isa = PBXFrameworksBuildPhase;
			buildActionMask = 2147483647;
			files = (
				218D584D16E950D9005865F6 /* UIKit.framework in Frameworks */,
				21A473CA16E75761009C4578 /* Foundation.framework in Frameworks */,
			);
			runOnlyForDeploymentPostprocessing = 0;
		};
/* End PBXFrameworksBuildPhase section */

/* Begin PBXGroup section */
		2132190416E5B14100DD6753 = {
			isa = PBXGroup;
			children = (
				2132191716E5B14100DD6753 /* ActivityLoader */,
				215A2C1316E9BF9D00666D48 /* ZYInstapaperActivity */,
				2132191016E5B14100DD6753 /* Frameworks */,
				2132190F16E5B14100DD6753 /* Products */,
			);
			sourceTree = "<group>";
		};
		2132190F16E5B14100DD6753 /* Products */ = {
			isa = PBXGroup;
			children = (
				2132190E16E5B14100DD6753 /* ActivityLoader.bundle */,
				21A473C916E75761009C4578 /* libactivityloader.dylib */,
				2153ECA116E84796004B62CD /* ActivityLoaderHook.dylib */,
				215A2C1116E9BF9D00666D48 /* ZYInstapaperActivity.dylib */,
			);
			name = Products;
			sourceTree = "<group>";
		};
		2132191016E5B14100DD6753 /* Frameworks */ = {
			isa = PBXGroup;
			children = (
				215A2C6A16E9C1DF00666D48 /* Security.framework */,
				21A473C116E74D7C009C4578 /* libsubstrate.dylib */,
				2132193616E5B1C100DD6753 /* Preferences.framework */,
				2132191116E5B14100DD6753 /* Foundation.framework */,
				2132191316E5B14100DD6753 /* UIKit.framework */,
			);
			name = Frameworks;
			sourceTree = "<group>";
		};
		2132191716E5B14100DD6753 /* ActivityLoader */ = {
			isa = PBXGroup;
			children = (
				21A473BC16E74060009C4578 /* ActivityLoaderHook.m */,
				21ACAE3A16E838FE0043C24C /* ALActivityLoader.h */,
				21ACAE3B16E838FE0043C24C /* ALActivityLoader.m */,
				2132191F16E5B14100DD6753 /* ALPreferenceController.h */,
				2132192016E5B14100DD6753 /* ALPreferenceController.m */,
				215A2AEF16E99CCB00666D48 /* Package */,
				2132191C16E5B14100DD6753 /* Supporting Files */,
			);
			path = ActivityLoader;
			sourceTree = "<group>";
		};
		2132191C16E5B14100DD6753 /* Supporting Files */ = {
			isa = PBXGroup;
			children = (
				2132191D16E5B14100DD6753 /* PackageVersion.plist */,
				2132191E16E5B14100DD6753 /* ActivityLoader-Info.plist */,
				2132193016E5B14100DD6753 /* ActivityLoader-Prefix.pch */,
			);
			name = "Supporting Files";
			sourceTree = "<group>";
		};
		215A2AEF16E99CCB00666D48 /* Package */ = {
			isa = PBXGroup;
			children = (
				215A2AF016E99CCB00666D48 /* DEBIAN */,
				215A2AF216E99CCB00666D48 /* Library */,
				215A2AFE16E99CCB00666D48 /* usr */,
				215A2B0316E99CCB00666D48 /* var */,
			);
			path = Package;
			sourceTree = "<group>";
		};
		215A2AF016E99CCB00666D48 /* DEBIAN */ = {
			isa = PBXGroup;
			children = (
				215A2AF116E99CCB00666D48 /* control */,
			);
			path = DEBIAN;
			sourceTree = "<group>";
		};
		215A2AF216E99CCB00666D48 /* Library */ = {
			isa = PBXGroup;
			children = (
				215A2B0816E99CE600666D48 /* ActivityLoader */,
				215A2AF416E99CCB00666D48 /* MobileSubstrate */,
				215A2AF916E99CCB00666D48 /* PreferenceBundles */,
				215A2AFB16E99CCB00666D48 /* PreferenceLoader */,
			);
			path = Library;
			sourceTree = "<group>";
		};
		215A2AF416E99CCB00666D48 /* MobileSubstrate */ = {
			isa = PBXGroup;
			children = (
				215A2AF516E99CCB00666D48 /* DynamicLibraries */,
			);
			path = MobileSubstrate;
			sourceTree = "<group>";
		};
		215A2AF516E99CCB00666D48 /* DynamicLibraries */ = {
			isa = PBXGroup;
			children = (
				215A2AF716E99CCB00666D48 /* ActivityLoader.plist */,
				215A2C7316E9CA3500666D48 /* ZYInstapaperActivity.plist */,
			);
			path = DynamicLibraries;
			sourceTree = "<group>";
		};
		215A2AF916E99CCB00666D48 /* PreferenceBundles */ = {
			isa = PBXGroup;
			children = (
				215A2B0916E9A03500666D48 /* ActivityLoader.bundle */,
			);
			path = PreferenceBundles;
			sourceTree = "<group>";
		};
		215A2AFB16E99CCB00666D48 /* PreferenceLoader */ = {
			isa = PBXGroup;
			children = (
				215A2AFC16E99CCB00666D48 /* Preferences */,
			);
			path = PreferenceLoader;
			sourceTree = "<group>";
		};
		215A2AFC16E99CCB00666D48 /* Preferences */ = {
			isa = PBXGroup;
			children = (
				215A2AFD16E99CCB00666D48 /* ActivityLoader.plist */,
			);
			path = Preferences;
			sourceTree = "<group>";
		};
		215A2AFE16E99CCB00666D48 /* usr */ = {
			isa = PBXGroup;
			children = (
				215A2AFF16E99CCB00666D48 /* include */,
				215A2B0116E99CCB00666D48 /* lib */,
			);
			path = usr;
			sourceTree = "<group>";
		};
		215A2AFF16E99CCB00666D48 /* include */ = {
			isa = PBXGroup;
			children = (
				215A2B0016E99CCB00666D48 /* ActivityLoader.h */,
			);
			path = include;
			sourceTree = "<group>";
		};
		215A2B0116E99CCB00666D48 /* lib */ = {
			isa = PBXGroup;
			children = (
				215A2B0216E99CCB00666D48 /* libactivityloader.dylib */,
			);
			path = lib;
			sourceTree = "<group>";
		};
		215A2B0316E99CCB00666D48 /* var */ = {
			isa = PBXGroup;
			children = (
				215A2B0416E99CCB00666D48 /* mobile */,
			);
			path = var;
			sourceTree = "<group>";
		};
		215A2B0416E99CCB00666D48 /* mobile */ = {
			isa = PBXGroup;
			children = (
				215A2B0516E99CCB00666D48 /* Library */,
			);
			path = mobile;
			sourceTree = "<group>";
		};
		215A2B0516E99CCB00666D48 /* Library */ = {
			isa = PBXGroup;
			children = (
				215A2B0616E99CCB00666D48 /* Preferences */,
			);
			path = Library;
			sourceTree = "<group>";
		};
		215A2B0616E99CCB00666D48 /* Preferences */ = {
			isa = PBXGroup;
			children = (
				215A2B0716E99CCB00666D48 /* name.ridgewell.ActivityLoader.plist */,
			);
			path = Preferences;
			sourceTree = "<group>";
		};
		215A2B0816E99CE600666D48 /* ActivityLoader */ = {
			isa = PBXGroup;
			children = (
				215A2C7116E9C93800666D48 /* ZYInstapaperActivity.bundle */,
			);
			path = ActivityLoader;
			sourceTree = "<group>";
		};
		215A2B0916E9A03500666D48 /* ActivityLoader.bundle */ = {
			isa = PBXGroup;
			children = (
				215A2B0A16E9A06100666D48 /* ActivityLoaderIcon.png */,
				215A2B0B16E9A06100666D48 /* ActivityLoaderIcon@2x.png */,
			);
			name = ActivityLoader.bundle;
			sourceTree = "<group>";
		};
		215A2C1316E9BF9D00666D48 /* ZYInstapaperActivity */ = {
			isa = PBXGroup;
			children = (
				215A2C2416E9C0EF00666D48 /* ZYInstapaperActivity */,
			);
			path = ZYInstapaperActivity;
			sourceTree = "<group>";
		};
		215A2C2416E9C0EF00666D48 /* ZYInstapaperActivity */ = {
			isa = PBXGroup;
			children = (
				215A2C2516E9C0EF00666D48 /* Categories */,
				215A2C2816E9C0EF00666D48 /* Images */,
				215A2C2D16E9C0EF00666D48 /* Requests */,
				215A2C3116E9C0EF00666D48 /* Security */,
				215A2C3416E9C0EF00666D48 /* ThirdParties */,
				215A2C4016E9C0EF00666D48 /* UserInterface */,
				215A2C4D16E9C0EF00666D48 /* ZYInstapaperActivity.h */,
				215A2C4E16E9C0EF00666D48 /* ZYInstapaperActivity.m */,
				215A2C4F16E9C0EF00666D48 /* ZYInstapaperActivityItem.h */,
				215A2C5016E9C0EF00666D48 /* ZYInstapaperActivityItem.m */,
			);
			path = ZYInstapaperActivity;
			sourceTree = "<group>";
		};
		215A2C2516E9C0EF00666D48 /* Categories */ = {
			isa = PBXGroup;
			children = (
				215A2C2616E9C0EF00666D48 /* UIImage+ImageNamedExtension.h */,
				215A2C2716E9C0EF00666D48 /* UIImage+ImageNamedExtension.m */,
			);
			path = Categories;
			sourceTree = "<group>";
		};
		215A2C2816E9C0EF00666D48 /* Images */ = {
			isa = PBXGroup;
			children = (
				215A2C2916E9C0EF00666D48 /* instapaper-ipad.png */,
				215A2C2A16E9C0EF00666D48 /* instapaper-ipad@2x.png */,
				215A2C2B16E9C0EF00666D48 /* instapaper.png */,
				215A2C2C16E9C0EF00666D48 /* instapaper@2x.png */,
			);
			path = Images;
			sourceTree = "<group>";
		};
		215A2C2D16E9C0EF00666D48 /* Requests */ = {
			isa = PBXGroup;
			children = (
				215A2C2E16E9C0EF00666D48 /* ZYInstapaperAddRequest.h */,
				215A2C2F16E9C0EF00666D48 /* ZYInstapaperAddRequest.m */,
				215A2C3016E9C0EF00666D48 /* ZYInstapaperAddRequestDelegate.h */,
			);
			path = Requests;
			sourceTree = "<group>";
		};
		215A2C3116E9C0EF00666D48 /* Security */ = {
			isa = PBXGroup;
			children = (
				215A2C3216E9C0EF00666D48 /* ZYInstapaperActivitySecurity.h */,
				215A2C3316E9C0EF00666D48 /* ZYInstapaperActivitySecurity.m */,
			);
			path = Security;
			sourceTree = "<group>";
		};
		215A2C3416E9C0EF00666D48 /* ThirdParties */ = {
			isa = PBXGroup;
			children = (
				215A2C3516E9C0EF00666D48 /* Apple */,
				215A2C3916E9C0EF00666D48 /* Zerously */,
			);
			path = ThirdParties;
			sourceTree = "<group>";
		};
		215A2C3516E9C0EF00666D48 /* Apple */ = {
			isa = PBXGroup;
			children = (
				215A2C3616E9C0EF00666D48 /* KeychainItemWrapper */,
			);
			path = Apple;
			sourceTree = "<group>";
		};
		215A2C3616E9C0EF00666D48 /* KeychainItemWrapper */ = {
			isa = PBXGroup;
			children = (
				215A2C3716E9C0EF00666D48 /* KeychainItemWrapper.h */,
				215A2C3816E9C0EF00666D48 /* KeychainItemWrapper.m */,
			);
			path = KeychainItemWrapper;
			sourceTree = "<group>";
		};
		215A2C3916E9C0EF00666D48 /* Zerously */ = {
			isa = PBXGroup;
			children = (
				215A2C3A16E9C0EF00666D48 /* ZYActivity */,
				215A2C3D16E9C0EF00666D48 /* ZYTopAlignedLabel */,
			);
			path = Zerously;
			sourceTree = "<group>";
		};
		215A2C3A16E9C0EF00666D48 /* ZYActivity */ = {
			isa = PBXGroup;
			children = (
				215A2C3B16E9C0EF00666D48 /* ZYActivity.h */,
				215A2C3C16E9C0EF00666D48 /* ZYActivity.m */,
			);
			path = ZYActivity;
			sourceTree = "<group>";
		};
		215A2C3D16E9C0EF00666D48 /* ZYTopAlignedLabel */ = {
			isa = PBXGroup;
			children = (
				215A2C3E16E9C0EF00666D48 /* ZYTopAlignedLabel.h */,
				215A2C3F16E9C0EF00666D48 /* ZYTopAlignedLabel.m */,
			);
			path = ZYTopAlignedLabel;
			sourceTree = "<group>";
		};
		215A2C4016E9C0EF00666D48 /* UserInterface */ = {
			isa = PBXGroup;
			children = (
				215A2C4116E9C0EF00666D48 /* ZYActivityViewController.h */,
				215A2C4216E9C0EF00666D48 /* ZYActivityViewController.m */,
				215A2C4316E9C0EF00666D48 /* ZYAddItemsViewController.h */,
				215A2C4416E9C0EF00666D48 /* ZYAddItemsViewController.m */,
				215A2C4516E9C0EF00666D48 /* ZYAddItemsViewController.xib */,
				215A2C4616E9C0EF00666D48 /* ZYAddItemViewController-iPad.xib */,
				215A2C4716E9C0EF00666D48 /* ZYAddItemViewController.h */,
				215A2C4816E9C0EF00666D48 /* ZYAddItemViewController.m */,
				215A2C4916E9C0EF00666D48 /* ZYAddItemViewController.xib */,
				215A2C4A16E9C0EF00666D48 /* ZYCredentialsViewController.h */,
				215A2C4B16E9C0EF00666D48 /* ZYCredentialsViewController.m */,
				215A2C4C16E9C0EF00666D48 /* ZYCredentialsViewController.xib */,
			);
			path = UserInterface;
			sourceTree = "<group>";
		};
/* End PBXGroup section */

/* Begin PBXHeadersBuildPhase section */
		2132190B16E5B14100DD6753 /* Headers */ = {
			isa = PBXHeadersBuildPhase;
			buildActionMask = 2147483647;
			files = (
			);
			runOnlyForDeploymentPostprocessing = 0;
		};
		2153EC9E16E84796004B62CD /* Headers */ = {
			isa = PBXHeadersBuildPhase;
			buildActionMask = 2147483647;
			files = (
			);
			runOnlyForDeploymentPostprocessing = 0;
		};
		215A2C0E16E9BF9D00666D48 /* Headers */ = {
			isa = PBXHeadersBuildPhase;
			buildActionMask = 2147483647;
			files = (
				215A2C5116E9C0EF00666D48 /* UIImage+ImageNamedExtension.h in Headers */,
				215A2C5316E9C0EF00666D48 /* ZYInstapaperAddRequest.h in Headers */,
				215A2C5516E9C0EF00666D48 /* ZYInstapaperAddRequestDelegate.h in Headers */,
				215A2C5616E9C0EF00666D48 /* ZYInstapaperActivitySecurity.h in Headers */,
				215A2C5816E9C0EF00666D48 /* KeychainItemWrapper.h in Headers */,
				215A2C5A16E9C0EF00666D48 /* ZYActivity.h in Headers */,
				215A2C5C16E9C0EF00666D48 /* ZYTopAlignedLabel.h in Headers */,
				215A2C5E16E9C0EF00666D48 /* ZYActivityViewController.h in Headers */,
				215A2C6016E9C0EF00666D48 /* ZYAddItemsViewController.h in Headers */,
				215A2C6216E9C0EF00666D48 /* ZYAddItemViewController.h in Headers */,
				215A2C6416E9C0EF00666D48 /* ZYCredentialsViewController.h in Headers */,
				215A2C6616E9C0EF00666D48 /* ZYInstapaperActivity.h in Headers */,
				215A2C6816E9C0EF00666D48 /* ZYInstapaperActivityItem.h in Headers */,
			);
			runOnlyForDeploymentPostprocessing = 0;
		};
		21A473C616E75761009C4578 /* Headers */ = {
			isa = PBXHeadersBuildPhase;
			buildActionMask = 2147483647;
			files = (
				21ACAE3C16E838FE0043C24C /* ALActivityLoader.h in Headers */,
			);
			runOnlyForDeploymentPostprocessing = 0;
		};
/* End PBXHeadersBuildPhase section */

/* Begin PBXNativeTarget section */
		2132190D16E5B14100DD6753 /* ActivityLoader */ = {
			isa = PBXNativeTarget;
			buildConfigurationList = 2132193316E5B14100DD6753 /* Build configuration list for PBXNativeTarget "ActivityLoader" */;
			buildPhases = (
				2132190916E5B14100DD6753 /* Sources */,
				2132190A16E5B14100DD6753 /* Frameworks */,
				2132190B16E5B14100DD6753 /* Headers */,
				2132190C16E5B14100DD6753 /* ShellScript */,
			);
			buildRules = (
			);
			dependencies = (
				21A473E016E7D489009C4578 /* PBXTargetDependency */,
				215A2AEE16E9943000666D48 /* PBXTargetDependency */,
				215A2C6F16E9C24A00666D48 /* PBXTargetDependency */,
			);
			name = ActivityLoader;
			productName = ActivityLoader;
			productReference = 2132190E16E5B14100DD6753 /* ActivityLoader.bundle */;
			productType = "com.apple.product-type.bundle";
		};
		2153ECA016E84796004B62CD /* ActivityLoaderHook */ = {
			isa = PBXNativeTarget;
			buildConfigurationList = 2153ECB116E84796004B62CD /* Build configuration list for PBXNativeTarget "ActivityLoaderHook" */;
			buildPhases = (
				2153EC9C16E84796004B62CD /* Sources */,
				2153EC9D16E84796004B62CD /* Frameworks */,
				2153EC9E16E84796004B62CD /* Headers */,
				2153EC9F16E84796004B62CD /* ShellScript */,
			);
			buildRules = (
			);
			dependencies = (
			);
			name = ActivityLoaderHook;
			productName = ActivityLoaderHook;
			productReference = 2153ECA116E84796004B62CD /* ActivityLoaderHook.dylib */;
			productType = "com.apple.product-type.library.dynamic";
		};
		215A2C1016E9BF9D00666D48 /* ZYInstapaperActivity */ = {
			isa = PBXNativeTarget;
			buildConfigurationList = 215A2C2116E9BF9D00666D48 /* Build configuration list for PBXNativeTarget "ZYInstapaperActivity" */;
			buildPhases = (
				215A2C0C16E9BF9D00666D48 /* Sources */,
				215A2C0D16E9BF9D00666D48 /* Frameworks */,
				215A2C0E16E9BF9D00666D48 /* Headers */,
				215A2C0F16E9BF9D00666D48 /* ShellScript */,
			);
			buildRules = (
			);
			dependencies = (
			);
			name = ZYInstapaperActivity;
			productName = ZYInstapaperActivity;
			productReference = 215A2C1116E9BF9D00666D48 /* ZYInstapaperActivity.dylib */;
			productType = "com.apple.product-type.library.dynamic";
		};
		21A473C816E75761009C4578 /* libactivityloader */ = {
			isa = PBXNativeTarget;
			buildConfigurationList = 21A473D916E75761009C4578 /* Build configuration list for PBXNativeTarget "libactivityloader" */;
			buildPhases = (
				21A473C416E75761009C4578 /* Sources */,
				21A473C516E75761009C4578 /* Frameworks */,
				21A473C616E75761009C4578 /* Headers */,
				21ACAA5916E7D7910043C24C /* ShellScript */,
			);
			buildRules = (
			);
			dependencies = (
			);
			name = libactivityloader;
			productName = ActivityLoaderHook;
			productReference = 21A473C916E75761009C4578 /* libactivityloader.dylib */;
			productType = "com.apple.product-type.library.dynamic";
		};
/* End PBXNativeTarget section */

/* Begin PBXProject section */
		2132190516E5B14100DD6753 /* Project object */ = {
			isa = PBXProject;
			attributes = {
				LastUpgradeCheck = 0460;
			};
			buildConfigurationList = 2132190816E5B14100DD6753 /* Build configuration list for PBXProject "ActivityLoader" */;
			compatibilityVersion = "Xcode 3.2";
			developmentRegion = English;
			hasScannedForEncodings = 0;
			knownRegions = (
				en,
			);
			mainGroup = 2132190416E5B14100DD6753;
			productRefGroup = 2132190F16E5B14100DD6753 /* Products */;
			projectDirPath = "";
			projectRoot = "";
			targets = (
				2132190D16E5B14100DD6753 /* ActivityLoader */,
				21A473C816E75761009C4578 /* libactivityloader */,
				2153ECA016E84796004B62CD /* ActivityLoaderHook */,
				215A2C1016E9BF9D00666D48 /* ZYInstapaperActivity */,
			);
		};
/* End PBXProject section */

/* Begin PBXShellScriptBuildPhase section */
		2132190C16E5B14100DD6753 /* ShellScript */ = {
			isa = PBXShellScriptBuildPhase;
			buildActionMask = 2147483647;
			files = (
			);
			inputPaths = (
			);
			outputPaths = (
			);
			runOnlyForDeploymentPostprocessing = 0;
			shellPath = /bin/sh;
			shellScript = "/opt/iOSOpenDev/bin/iosod --xcbp";
		};
		2153EC9F16E84796004B62CD /* ShellScript */ = {
			isa = PBXShellScriptBuildPhase;
			buildActionMask = 2147483647;
			files = (
			);
			inputPaths = (
			);
			outputPaths = (
			);
			runOnlyForDeploymentPostprocessing = 0;
			shellPath = /bin/sh;
			shellScript = "export TARGET_NAME=\"ActivityLoader\"\n/opt/iOSOpenDev/bin/iosod --xcbp";
		};
		215A2C0F16E9BF9D00666D48 /* ShellScript */ = {
			isa = PBXShellScriptBuildPhase;
			buildActionMask = 2147483647;
			files = (
			);
			inputPaths = (
			);
			outputPaths = (
			);
			runOnlyForDeploymentPostprocessing = 0;
			shellPath = /bin/sh;
			shellScript = "export TARGET_NAME=\"ActivityLoader\"\n/opt/iOSOpenDev/bin/iosod --xcbp";
		};
		21ACAA5916E7D7910043C24C /* ShellScript */ = {
			isa = PBXShellScriptBuildPhase;
			buildActionMask = 2147483647;
			files = (
			);
			inputPaths = (
			);
			outputPaths = (
			);
			runOnlyForDeploymentPostprocessing = 0;
			shellPath = /bin/sh;
			shellScript = "export TARGET_NAME=\"ActivityLoader\"\n/opt/iOSOpenDev/bin/iosod --xcbp";
		};
/* End PBXShellScriptBuildPhase section */

/* Begin PBXSourcesBuildPhase section */
		2132190916E5B14100DD6753 /* Sources */ = {
			isa = PBXSourcesBuildPhase;
			buildActionMask = 2147483647;
			files = (
				2132192116E5B14100DD6753 /* ALPreferenceController.m in Sources */,
			);
			runOnlyForDeploymentPostprocessing = 0;
		};
		2153EC9C16E84796004B62CD /* Sources */ = {
			isa = PBXSourcesBuildPhase;
			buildActionMask = 2147483647;
			files = (
				2153ECBC16E84999004B62CD /* ActivityLoaderHook.m in Sources */,
			);
			runOnlyForDeploymentPostprocessing = 0;
		};
		215A2C0C16E9BF9D00666D48 /* Sources */ = {
			isa = PBXSourcesBuildPhase;
			buildActionMask = 2147483647;
			files = (
				215A2C5216E9C0EF00666D48 /* UIImage+ImageNamedExtension.m in Sources */,
				215A2C5416E9C0EF00666D48 /* ZYInstapaperAddRequest.m in Sources */,
				215A2C5716E9C0EF00666D48 /* ZYInstapaperActivitySecurity.m in Sources */,
				215A2C5916E9C0EF00666D48 /* KeychainItemWrapper.m in Sources */,
				215A2C5B16E9C0EF00666D48 /* ZYActivity.m in Sources */,
				215A2C5D16E9C0EF00666D48 /* ZYTopAlignedLabel.m in Sources */,
				215A2C5F16E9C0EF00666D48 /* ZYActivityViewController.m in Sources */,
				215A2C6116E9C0EF00666D48 /* ZYAddItemsViewController.m in Sources */,
				215A2C6316E9C0EF00666D48 /* ZYAddItemViewController.m in Sources */,
				215A2C6516E9C0EF00666D48 /* ZYCredentialsViewController.m in Sources */,
				215A2C6716E9C0EF00666D48 /* ZYInstapaperActivity.m in Sources */,
				215A2C6916E9C0EF00666D48 /* ZYInstapaperActivityItem.m in Sources */,
			);
			runOnlyForDeploymentPostprocessing = 0;
		};
		21A473C416E75761009C4578 /* Sources */ = {
			isa = PBXSourcesBuildPhase;
			buildActionMask = 2147483647;
			files = (
				21ACAE3D16E838FE0043C24C /* ALActivityLoader.m in Sources */,
			);
			runOnlyForDeploymentPostprocessing = 0;
		};
/* End PBXSourcesBuildPhase section */

/* Begin PBXTargetDependency section */
		215A2AEE16E9943000666D48 /* PBXTargetDependency */ = {
			isa = PBXTargetDependency;
			target = 2153ECA016E84796004B62CD /* ActivityLoaderHook */;
			targetProxy = 215A2AED16E9943000666D48 /* PBXContainerItemProxy */;
		};
		215A2C6F16E9C24A00666D48 /* PBXTargetDependency */ = {
			isa = PBXTargetDependency;
			target = 215A2C1016E9BF9D00666D48 /* ZYInstapaperActivity */;
			targetProxy = 215A2C6E16E9C24A00666D48 /* PBXContainerItemProxy */;
		};
		21A473E016E7D489009C4578 /* PBXTargetDependency */ = {
			isa = PBXTargetDependency;
			target = 21A473C816E75761009C4578 /* libactivityloader */;
			targetProxy = 21A473DF16E7D489009C4578 /* PBXContainerItemProxy */;
		};
/* End PBXTargetDependency section */

/* Begin XCBuildConfiguration section */
		2132193116E5B14100DD6753 /* Debug */ = {
			isa = XCBuildConfiguration;
			buildSettings = {
				CLANG_ENABLE_OBJC_ARC = YES;
				COPY_PHASE_STRIP = NO;
				EXCLUDED_RECURSIVE_SEARCH_PATH_SUBDIRECTORIES = "*.nib *.lproj *.gch (*) .DS_Store CVS .svn .git .hg *.xcodeproj *.xcode *.pbproj *.pbxproj";
				FRAMEWORK_SEARCH_PATHS = (
					"$(iOSOpenDevPath)/frameworks/**",
					"$(SDKROOT)/System/Library/PrivateFrameworks",
				);
				GCC_C_LANGUAGE_STANDARD = gnu99;
				GCC_DYNAMIC_NO_PIC = NO;
				GCC_OPTIMIZATION_LEVEL = 0;
				GCC_PREPROCESSOR_DEFINITIONS = (
					"DEBUG=1",
					"$(inherited)",
				);
				GCC_SYMBOLS_PRIVATE_EXTERN = NO;
				GCC_WARN_ABOUT_MISSING_PROTOTYPES = YES;
				GCC_WARN_ABOUT_RETURN_TYPE = YES;
				GCC_WARN_UNUSED_VARIABLE = YES;
				HEADER_SEARCH_PATHS = "$(iOSOpenDevPath)/include/**";
				IPHONEOS_DEPLOYMENT_TARGET = 6.0;
				LIBRARY_SEARCH_PATHS = "$(iOSOpenDevPath)/lib/**";
				ONLY_ACTIVE_ARCH = YES;
				OTHER_LDFLAGS = "";
				SDKROOT = iphoneos;
				TARGETED_DEVICE_FAMILY = "1,2";
				VALIDATE_PRODUCT = NO;
				iOSOpenDevDevice = "";
				iOSOpenDevPath = /opt/iOSOpenDev;
			};
			name = Debug;
		};
		2132193216E5B14100DD6753 /* Release */ = {
			isa = XCBuildConfiguration;
			buildSettings = {
				CLANG_ENABLE_OBJC_ARC = YES;
				COPY_PHASE_STRIP = YES;
				EXCLUDED_RECURSIVE_SEARCH_PATH_SUBDIRECTORIES = "*.nib *.lproj *.gch (*) .DS_Store CVS .svn .git .hg *.xcodeproj *.xcode *.pbproj *.pbxproj";
				FRAMEWORK_SEARCH_PATHS = (
					"$(iOSOpenDevPath)/frameworks/**",
					"$(SDKROOT)/System/Library/PrivateFrameworks",
				);
				GCC_C_LANGUAGE_STANDARD = gnu99;
				GCC_WARN_ABOUT_MISSING_PROTOTYPES = YES;
				GCC_WARN_ABOUT_RETURN_TYPE = YES;
				GCC_WARN_UNUSED_VARIABLE = YES;
				HEADER_SEARCH_PATHS = "$(iOSOpenDevPath)/include/**";
				IPHONEOS_DEPLOYMENT_TARGET = 6.0;
				LIBRARY_SEARCH_PATHS = "$(iOSOpenDevPath)/lib/**";
				OTHER_LDFLAGS = "";
				SDKROOT = iphoneos;
				TARGETED_DEVICE_FAMILY = "1,2";
				VALIDATE_PRODUCT = YES;
				iOSOpenDevDevice = "";
				iOSOpenDevPath = /opt/iOSOpenDev;
			};
			name = Release;
		};
		2132193416E5B14100DD6753 /* Debug */ = {
			isa = XCBuildConfiguration;
			buildSettings = {
				CODE_SIGN_IDENTITY = "";
				FRAMEWORK_SEARCH_PATHS = (
					"$(inherited)",
					"\"$(SYSTEM_APPS_DIR)/Xcode.app/Contents/Developer/Library/Frameworks\"",
					"\"$(SDKROOT)$(SYSTEM_LIBRARY_DIR)/PrivateFrameworks\"",
				);
				GCC_PRECOMPILE_PREFIX_HEADER = YES;
				GCC_PREFIX_HEADER = "ActivityLoader/ActivityLoader-Prefix.pch";
				HEADER_SEARCH_PATHS = "$(iOSOpenDevPath)/include/**";
				INFOPLIST_FILE = "ActivityLoader/ActivityLoader-Info.plist";
				INSTALL_PATH = /Library/PreferenceBundles;
				LIBRARY_SEARCH_PATHS = "$(inherited)";
				PRODUCT_NAME = "$(TARGET_NAME)";
				WRAPPER_EXTENSION = bundle;
				iOSOpenDevBuildPackageOnAnyBuild = NO;
				iOSOpenDevCopyOnBuild = NO;
				iOSOpenDevInstallOnAnyBuild = NO;
				iOSOpenDevInstallOnProfiling = YES;
				iOSOpenDevRespringOnInstall = YES;
				iOSOpenDevUsePackageVersionPList = YES;
			};
			name = Debug;
		};
		2132193516E5B14100DD6753 /* Release */ = {
			isa = XCBuildConfiguration;
			buildSettings = {
				CODE_SIGN_IDENTITY = "";
				FRAMEWORK_SEARCH_PATHS = (
					"$(inherited)",
					"\"$(SYSTEM_APPS_DIR)/Xcode.app/Contents/Developer/Library/Frameworks\"",
					"\"$(SDKROOT)$(SYSTEM_LIBRARY_DIR)/PrivateFrameworks\"",
				);
				GCC_PRECOMPILE_PREFIX_HEADER = YES;
				GCC_PREFIX_HEADER = "ActivityLoader/ActivityLoader-Prefix.pch";
				HEADER_SEARCH_PATHS = "$(iOSOpenDevPath)/include/**";
				INFOPLIST_FILE = "ActivityLoader/ActivityLoader-Info.plist";
				INSTALL_PATH = /Library/PreferenceBundles;
				LIBRARY_SEARCH_PATHS = "$(inherited)";
				PRODUCT_NAME = "$(TARGET_NAME)";
				WRAPPER_EXTENSION = bundle;
				iOSOpenDevBuildPackageOnAnyBuild = NO;
				iOSOpenDevCopyOnBuild = NO;
				iOSOpenDevInstallOnAnyBuild = NO;
				iOSOpenDevInstallOnProfiling = YES;
				iOSOpenDevRespringOnInstall = YES;
				iOSOpenDevUsePackageVersionPList = YES;
			};
			name = Release;
		};
		2153ECB216E84796004B62CD /* Debug */ = {
			isa = XCBuildConfiguration;
			buildSettings = {
				CODE_SIGN_IDENTITY = "";
				DYLIB_COMPATIBILITY_VERSION = 1;
				DYLIB_CURRENT_VERSION = 1;
				GCC_PRECOMPILE_PREFIX_HEADER = YES;
				GCC_PREFIX_HEADER = "ActivityLoader/ActivityLoader-Prefix.pch";
				INSTALL_PATH = /Library/MobileSubstrate/DynamicLibraries;
				IPHONEOS_DEPLOYMENT_TARGET = 6.1;
				LIBRARY_SEARCH_PATHS = (
					"$(inherited)",
					/opt/iOSOpenDev/lib,
				);
				PRODUCT_NAME = "$(TARGET_NAME)";
				iOSOpenDevBuildPackageOnAnyBuild = NO;
				iOSOpenDevCopyOnBuild = NO;
				iOSOpenDevInstallOnAnyBuild = NO;
				iOSOpenDevInstallOnProfiling = NO;
				iOSOpenDevRespringOnInstall = YES;
				iOSOpenDevUsePackageVersionPList = YES;
			};
			name = Debug;
		};
		2153ECB316E84796004B62CD /* Release */ = {
			isa = XCBuildConfiguration;
			buildSettings = {
				CODE_SIGN_IDENTITY = "";
				DYLIB_COMPATIBILITY_VERSION = 1;
				DYLIB_CURRENT_VERSION = 1;
				GCC_PRECOMPILE_PREFIX_HEADER = YES;
				GCC_PREFIX_HEADER = "ActivityLoader/ActivityLoader-Prefix.pch";
				INSTALL_PATH = /Library/MobileSubstrate/DynamicLibraries;
				IPHONEOS_DEPLOYMENT_TARGET = 6.1;
				LIBRARY_SEARCH_PATHS = (
					"$(inherited)",
					/opt/iOSOpenDev/lib,
				);
				PRODUCT_NAME = "$(TARGET_NAME)";
				iOSOpenDevBuildPackageOnAnyBuild = NO;
				iOSOpenDevCopyOnBuild = NO;
				iOSOpenDevInstallOnAnyBuild = NO;
				iOSOpenDevInstallOnProfiling = NO;
				iOSOpenDevRespringOnInstall = YES;
				iOSOpenDevUsePackageVersionPList = YES;
			};
			name = Release;
		};
		215A2C2216E9BF9D00666D48 /* Debug */ = {
			isa = XCBuildConfiguration;
			buildSettings = {
				CODE_SIGN_IDENTITY = "";
				DYLIB_COMPATIBILITY_VERSION = 1;
				DYLIB_CURRENT_VERSION = 1;
				GCC_PRECOMPILE_PREFIX_HEADER = YES;
				GCC_PREFIX_HEADER = "ActivityLoader/ActivityLoader-Prefix.pch";
				INSTALL_PATH = /Library/MobileSubstrate/DynamicLibraries;
				IPHONEOS_DEPLOYMENT_TARGET = 6.1;
				PRODUCT_NAME = "$(TARGET_NAME)";
				iOSOpenDevBuildPackageOnAnyBuild = NO;
				iOSOpenDevCopyOnBuild = NO;
				iOSOpenDevInstallOnAnyBuild = NO;
				iOSOpenDevInstallOnProfiling = NO;
				iOSOpenDevRespringOnInstall = YES;
				iOSOpenDevUsePackageVersionPList = YES;
			};
			name = Debug;
		};
		215A2C2316E9BF9D00666D48 /* Release */ = {
			isa = XCBuildConfiguration;
			buildSettings = {
				CODE_SIGN_IDENTITY = "";
				DYLIB_COMPATIBILITY_VERSION = 1;
				DYLIB_CURRENT_VERSION = 1;
				GCC_PRECOMPILE_PREFIX_HEADER = YES;
				GCC_PREFIX_HEADER = "ActivityLoader/ActivityLoader-Prefix.pch";
				INSTALL_PATH = /Library/MobileSubstrate/DynamicLibraries;
				IPHONEOS_DEPLOYMENT_TARGET = 6.1;
				PRODUCT_NAME = "$(TARGET_NAME)";
				iOSOpenDevBuildPackageOnAnyBuild = NO;
				iOSOpenDevCopyOnBuild = NO;
				iOSOpenDevInstallOnAnyBuild = NO;
				iOSOpenDevInstallOnProfiling = NO;
				iOSOpenDevRespringOnInstall = YES;
				iOSOpenDevUsePackageVersionPList = YES;
			};
			name = Release;
		};
		21A473DA16E75761009C4578 /* Debug */ = {
			isa = XCBuildConfiguration;
			buildSettings = {
				CODE_SIGN_IDENTITY = "";
				DYLIB_COMPATIBILITY_VERSION = 1;
				DYLIB_CURRENT_VERSION = 1;
				GCC_PRECOMPILE_PREFIX_HEADER = YES;
				GCC_PREFIX_HEADER = "ActivityLoader/ActivityLoader-Prefix.pch";
				INSTALL_PATH = /usr/lib;
				LIBRARY_SEARCH_PATHS = "$(inherited)";
				PRODUCT_NAME = "$(TARGET_NAME)";
				iOSOpenDevBuildPackageOnAnyBuild = NO;
				iOSOpenDevCopyOnBuild = NO;
				iOSOpenDevInstallOnAnyBuild = NO;
				iOSOpenDevInstallOnProfiling = NO;
				iOSOpenDevRespringOnInstall = YES;
				iOSOpenDevUsePackageVersionPList = YES;
			};
			name = Debug;
		};
		21A473DB16E75761009C4578 /* Release */ = {
			isa = XCBuildConfiguration;
			buildSettings = {
				CODE_SIGN_IDENTITY = "";
				DYLIB_COMPATIBILITY_VERSION = 1;
				DYLIB_CURRENT_VERSION = 1;
				GCC_PRECOMPILE_PREFIX_HEADER = YES;
				GCC_PREFIX_HEADER = "ActivityLoader/ActivityLoader-Prefix.pch";
				INSTALL_PATH = /usr/lib;
				LIBRARY_SEARCH_PATHS = "$(inherited)";
				PRODUCT_NAME = "$(TARGET_NAME)";
				iOSOpenDevBuildPackageOnAnyBuild = NO;
				iOSOpenDevCopyOnBuild = NO;
				iOSOpenDevInstallOnAnyBuild = NO;
				iOSOpenDevInstallOnProfiling = NO;
				iOSOpenDevRespringOnInstall = YES;
				iOSOpenDevUsePackageVersionPList = YES;
			};
			name = Release;
		};
/* End XCBuildConfiguration section */

/* Begin XCConfigurationList section */
		2132190816E5B14100DD6753 /* Build configuration list for PBXProject "ActivityLoader" */ = {
			isa = XCConfigurationList;
			buildConfigurations = (
				2132193116E5B14100DD6753 /* Debug */,
				2132193216E5B14100DD6753 /* Release */,
			);
			defaultConfigurationIsVisible = 0;
			defaultConfigurationName = Release;
		};
		2132193316E5B14100DD6753 /* Build configuration list for PBXNativeTarget "ActivityLoader" */ = {
			isa = XCConfigurationList;
			buildConfigurations = (
				2132193416E5B14100DD6753 /* Debug */,
				2132193516E5B14100DD6753 /* Release */,
			);
			defaultConfigurationIsVisible = 0;
			defaultConfigurationName = Release;
		};
		2153ECB116E84796004B62CD /* Build configuration list for PBXNativeTarget "ActivityLoaderHook" */ = {
			isa = XCConfigurationList;
			buildConfigurations = (
				2153ECB216E84796004B62CD /* Debug */,
				2153ECB316E84796004B62CD /* Release */,
			);
			defaultConfigurationIsVisible = 0;
			defaultConfigurationName = Release;
		};
		215A2C2116E9BF9D00666D48 /* Build configuration list for PBXNativeTarget "ZYInstapaperActivity" */ = {
			isa = XCConfigurationList;
			buildConfigurations = (
				215A2C2216E9BF9D00666D48 /* Debug */,
				215A2C2316E9BF9D00666D48 /* Release */,
			);
			defaultConfigurationIsVisible = 0;
			defaultConfigurationName = Release;
		};
		21A473D916E75761009C4578 /* Build configuration list for PBXNativeTarget "libactivityloader" */ = {
			isa = XCConfigurationList;
			buildConfigurations = (
				21A473DA16E75761009C4578 /* Debug */,
				21A473DB16E75761009C4578 /* Release */,
			);
			defaultConfigurationIsVisible = 0;
			defaultConfigurationName = Release;
		};
/* End XCConfigurationList section */
	};
	rootObject = 2132190516E5B14100DD6753 /* Project object */;
}
